
Microsoft Visual Studio Solution File, Format Version 12.00
# Visual Studio Version 17
VisualStudioVersion = 17.1.32210.238
MinimumVisualStudioVersion = 10.0.40219.1
Project("{8BC9CEB8-8B4A-11D0-8D11-00A0C91BC942}") = "S01_Ex01_00", "Ex01_00\Ex01_00.vcxproj", "{D92F0496-AC23-4AC4-AA27-3BF79584BEBF}"
EndProject
Project("{8BC9CEB8-8B4A-11D0-8D11-00A0C91BC942}") = "S01_Ex01_01", "Ex01_01\Ex01_01.vcxproj", "{4B56999E-B2DC-433D-B924-EA299BF60023}"
EndProject
Project("{8BC9CEB8-8B4A-11D0-8D11-00A0C91BC942}") = "S01_Ex01_02", "Ex01_02\Ex01_02.vcxproj", "{7DCAD43E-A4DA-44F2-A116-7C620D8DF584}"
EndProject
Project("{8BC9CEB8-8B4A-11D0-8D11-00A0C91BC942}") = "S01_Ex01_03", "Ex01_03\Ex01_03.vcxproj", "{E02B3DF4-9BA5-433B-B03B-83B6D4AFE52B}"
EndProject
Project("{2150E333-8FDC-42A3-9474-1A3956D46DE8}") = "S01_Introduction", "S01_Introduction", "{EA36D452-6964-4757-A26C-A9A936C0C412}"
EndProject
Project("{2150E333-8FDC-42A3-9474-1A3956D46DE8}") = "S02_Structure", "S02_Structure", "{27EE8D54-F0F4-4FEF-9900-4557F13F89D2}"
EndProject
Project("{8BC9CEB8-8B4A-11D0-8D11-00A0C91BC942}") = "S02_Ex01", "S02_01\S02_01.vcxproj", "{CF6B20AA-DF77-4305-A7CA-36FEE7BC19E7}"
EndProject
Project("{2150E333-8FDC-42A3-9474-1A3956D46DE8}") = "S03_types_arrays", "S03_types_arrays", "{95CD7FE0-6EDD-4EDC-9AB9-96DC97264839}"
EndProject
Project("{8BC9CEB8-8B4A-11D0-8D11-00A0C91BC942}") = "S03_Ex01", "S03_01\S03_01.vcxproj", "{B02084A3-F7D5-47B5-B953-2124A26AD4D8}"
EndProject
Project("{8BC9CEB8-8B4A-11D0-8D11-00A0C91BC942}") = "S03_Ex02", "S03_Ex02\S03_Ex02.vcxproj", "{3FC65B64-1E53-49B6-B951-EA5CE5754188}"
EndProject
Project("{8BC9CEB8-8B4A-11D0-8D11-00A0C91BC942}") = "S03_Ex03", "S03_Ex03\S03_Ex03.vcxproj", "{8363AB47-6ADD-473F-AD8A-145B34E0A9E6}"
EndProject
Project("{8BC9CEB8-8B4A-11D0-8D11-00A0C91BC942}") = "S03_Ex04", "S03_Ex04\S03_Ex04.vcxproj", "{2E0E637E-E326-4A4C-B420-D8F3C7850D11}"
EndProject
Global
	GlobalSection(SolutionConfigurationPlatforms) = preSolution
		Debug|x64 = Debug|x64
		Debug|x86 = Debug|x86
		Release|x64 = Release|x64
		Release|x86 = Release|x86
	EndGlobalSection
	GlobalSection(ProjectConfigurationPlatforms) = postSolution
		{D92F0496-AC23-4AC4-AA27-3BF79584BEBF}.Debug|x64.ActiveCfg = Debug|x64
		{D92F0496-AC23-4AC4-AA27-3BF79584BEBF}.Debug|x64.Build.0 = Debug|x64
		{D92F0496-AC23-4AC4-AA27-3BF79584BEBF}.Debug|x86.ActiveCfg = Debug|Win32
		{D92F0496-AC23-4AC4-AA27-3BF79584BEBF}.Debug|x86.Build.0 = Debug|Win32
		{D92F0496-AC23-4AC4-AA27-3BF79584BEBF}.Release|x64.ActiveCfg = Release|x64
		{D92F0496-AC23-4AC4-AA27-3BF79584BEBF}.Release|x64.Build.0 = Release|x64
		{D92F0496-AC23-4AC4-AA27-3BF79584BEBF}.Release|x86.ActiveCfg = Release|Win32
		{D92F0496-AC23-4AC4-AA27-3BF79584BEBF}.Release|x86.Build.0 = Release|Win32
		{4B56999E-B2DC-433D-B924-EA299BF60023}.Debug|x64.ActiveCfg = Debug|x64
		{4B56999E-B2DC-433D-B924-EA299BF60023}.Debug|x64.Build.0 = Debug|x64
		{4B56999E-B2DC-433D-B924-EA299BF60023}.Debug|x86.ActiveCfg = Debug|Win32
		{4B56999E-B2DC-433D-B924-EA299BF60023}.Debug|x86.Build.0 = Debug|Win32
		{4B56999E-B2DC-433D-B924-EA299BF60023}.Release|x64.ActiveCfg = Release|x64
		{4B56999E-B2DC-433D-B924-EA299BF60023}.Release|x64.Build.0 = Release|x64
		{4B56999E-B2DC-433D-B924-EA299BF60023}.Release|x86.ActiveCfg = Release|Win32
		{4B56999E-B2DC-433D-B924-EA299BF60023}.Release|x86.Build.0 = Release|Win32
		{7DCAD43E-A4DA-44F2-A116-7C620D8DF584}.Debug|x64.ActiveCfg = Debug|x64
		{7DCAD43E-A4DA-44F2-A116-7C620D8DF584}.Debug|x64.Build.0 = Debug|x64
		{7DCAD43E-A4DA-44F2-A116-7C620D8DF584}.Debug|x86.ActiveCfg = Debug|Win32
		{7DCAD43E-A4DA-44F2-A116-7C620D8DF584}.Debug|x86.Build.0 = Debug|Win32
		{7DCAD43E-A4DA-44F2-A116-7C620D8DF584}.Release|x64.ActiveCfg = Release|x64
		{7DCAD43E-A4DA-44F2-A116-7C620D8DF584}.Release|x64.Build.0 = Release|x64
		{7DCAD43E-A4DA-44F2-A116-7C620D8DF584}.Release|x86.ActiveCfg = Release|Win32
		{7DCAD43E-A4DA-44F2-A116-7C620D8DF584}.Release|x86.Build.0 = Release|Win32
		{E02B3DF4-9BA5-433B-B03B-83B6D4AFE52B}.Debug|x64.ActiveCfg = Debug|x64
		{E02B3DF4-9BA5-433B-B03B-83B6D4AFE52B}.Debug|x64.Build.0 = Debug|x64
		{E02B3DF4-9BA5-433B-B03B-83B6D4AFE52B}.Debug|x86.ActiveCfg = Debug|Win32
		{E02B3DF4-9BA5-433B-B03B-83B6D4AFE52B}.Debug|x86.Build.0 = Debug|Win32
		{E02B3DF4-9BA5-433B-B03B-83B6D4AFE52B}.Release|x64.ActiveCfg = Release|x64
		{E02B3DF4-9BA5-433B-B03B-83B6D4AFE52B}.Release|x64.Build.0 = Release|x64
		{E02B3DF4-9BA5-433B-B03B-83B6D4AFE52B}.Release|x86.ActiveCfg = Release|Win32
		{E02B3DF4-9BA5-433B-B03B-83B6D4AFE52B}.Release|x86.Build.0 = Release|Win32
		{CF6B20AA-DF77-4305-A7CA-36FEE7BC19E7}.Debug|x64.ActiveCfg = Debug|x64
		{CF6B20AA-DF77-4305-A7CA-36FEE7BC19E7}.Debug|x64.Build.0 = Debug|x64
		{CF6B20AA-DF77-4305-A7CA-36FEE7BC19E7}.Debug|x86.ActiveCfg = Debug|Win32
		{CF6B20AA-DF77-4305-A7CA-36FEE7BC19E7}.Debug|x86.Build.0 = Debug|Win32
		{CF6B20AA-DF77-4305-A7CA-36FEE7BC19E7}.Release|x64.ActiveCfg = Release|x64
		{CF6B20AA-DF77-4305-A7CA-36FEE7BC19E7}.Release|x64.Build.0 = Release|x64
		{CF6B20AA-DF77-4305-A7CA-36FEE7BC19E7}.Release|x86.ActiveCfg = Release|Win32
		{CF6B20AA-DF77-4305-A7CA-36FEE7BC19E7}.Release|x86.Build.0 = Release|Win32
		{B02084A3-F7D5-47B5-B953-2124A26AD4D8}.Debug|x64.ActiveCfg = Debug|x64
		{B02084A3-F7D5-47B5-B953-2124A26AD4D8}.Debug|x64.Build.0 = Debug|x64
		{B02084A3-F7D5-47B5-B953-2124A26AD4D8}.Debug|x86.ActiveCfg = Debug|Win32
		{B02084A3-F7D5-47B5-B953-2124A26AD4D8}.Debug|x86.Build.0 = Debug|Win32
		{B02084A3-F7D5-47B5-B953-2124A26AD4D8}.Release|x64.ActiveCfg = Release|x64
		{B02084A3-F7D5-47B5-B953-2124A26AD4D8}.Release|x64.Build.0 = Release|x64
		{B02084A3-F7D5-47B5-B953-2124A26AD4D8}.Release|x86.ActiveCfg = Release|Win32
		{B02084A3-F7D5-47B5-B953-2124A26AD4D8}.Release|x86.Build.0 = Release|Win32
		{3FC65B64-1E53-49B6-B951-EA5CE5754188}.Debug|x64.ActiveCfg = Debug|x64
		{3FC65B64-1E53-49B6-B951-EA5CE5754188}.Debug|x64.Build.0 = Debug|x64
		{3FC65B64-1E53-49B6-B951-EA5CE5754188}.Debug|x86.ActiveCfg = Debug|Win32
		{3FC65B64-1E53-49B6-B951-EA5CE5754188}.Debug|x86.Build.0 = Debug|Win32
		{3FC65B64-1E53-49B6-B951-EA5CE5754188}.Release|x64.ActiveCfg = Release|x64
		{3FC65B64-1E53-49B6-B951-EA5CE5754188}.Release|x64.Build.0 = Release|x64
		{3FC65B64-1E53-49B6-B951-EA5CE5754188}.Release|x86.ActiveCfg = Release|Win32
		{3FC65B64-1E53-49B6-B951-EA5CE5754188}.Release|x86.Build.0 = Release|Win32
		{8363AB47-6ADD-473F-AD8A-145B34E0A9E6}.Debug|x64.ActiveCfg = Debug|x64
		{8363AB47-6ADD-473F-AD8A-145B34E0A9E6}.Debug|x64.Build.0 = Debug|x64
		{8363AB47-6ADD-473F-AD8A-145B34E0A9E6}.Debug|x86.ActiveCfg = Debug|Win32
		{8363AB47-6ADD-473F-AD8A-145B34E0A9E6}.Debug|x86.Build.0 = Debug|Win32
		{8363AB47-6ADD-473F-AD8A-145B34E0A9E6}.Release|x64.ActiveCfg = Release|x64
		{8363AB47-6ADD-473F-AD8A-145B34E0A9E6}.Release|x64.Build.0 = Release|x64
		{8363AB47-6ADD-473F-AD8A-145B34E0A9E6}.Release|x86.ActiveCfg = Release|Win32
		{8363AB47-6ADD-473F-AD8A-145B34E0A9E6}.Release|x86.Build.0 = Release|Win32
		{2E0E637E-E326-4A4C-B420-D8F3C7850D11}.Debug|x64.ActiveCfg = Debug|x64
		{2E0E637E-E326-4A4C-B420-D8F3C7850D11}.Debug|x64.Build.0 = Debug|x64
		{2E0E637E-E326-4A4C-B420-D8F3C7850D11}.Debug|x86.ActiveCfg = Debug|Win32
		{2E0E637E-E326-4A4C-B420-D8F3C7850D11}.Debug|x86.Build.0 = Debug|Win32
		{2E0E637E-E326-4A4C-B420-D8F3C7850D11}.Release|x64.ActiveCfg = Release|x64
		{2E0E637E-E326-4A4C-B420-D8F3C7850D11}.Release|x64.Build.0 = Release|x64
		{2E0E637E-E326-4A4C-B420-D8F3C7850D11}.Release|x86.ActiveCfg = Release|Win32
		{2E0E637E-E326-4A4C-B420-D8F3C7850D11}.Release|x86.Build.0 = Release|Win32
	EndGlobalSection
	GlobalSection(SolutionProperties) = preSolution
		HideSolutionNode = FALSE
	EndGlobalSection
	GlobalSection(NestedProjects) = preSolution
		{D92F0496-AC23-4AC4-AA27-3BF79584BEBF} = {EA36D452-6964-4757-A26C-A9A936C0C412}
		{4B56999E-B2DC-433D-B924-EA299BF60023} = {EA36D452-6964-4757-A26C-A9A936C0C412}
		{7DCAD43E-A4DA-44F2-A116-7C620D8DF584} = {EA36D452-6964-4757-A26C-A9A936C0C412}
		{E02B3DF4-9BA5-433B-B03B-83B6D4AFE52B} = {EA36D452-6964-4757-A26C-A9A936C0C412}
		{CF6B20AA-DF77-4305-A7CA-36FEE7BC19E7} = {27EE8D54-F0F4-4FEF-9900-4557F13F89D2}
		{B02084A3-F7D5-47B5-B953-2124A26AD4D8} = {95CD7FE0-6EDD-4EDC-9AB9-96DC97264839}
		{3FC65B64-1E53-49B6-B951-EA5CE5754188} = {95CD7FE0-6EDD-4EDC-9AB9-96DC97264839}
		{8363AB47-6ADD-473F-AD8A-145B34E0A9E6} = {95CD7FE0-6EDD-4EDC-9AB9-96DC97264839}
		{2E0E637E-E326-4A4C-B420-D8F3C7850D11} = {95CD7FE0-6EDD-4EDC-9AB9-96DC97264839}
	EndGlobalSection
	GlobalSection(ExtensibilityGlobals) = postSolution
		SolutionGuid = {70CD6FFA-ABE2-42B3-BFCC-7E0805F64459}
	EndGlobalSection
EndGlobal
