	
Microsoft Visual Studio Solution File, Format Version 12.00
Project("{2150E333-8FDC-42A3-9474-1A3956D46DE8}") = "Introduction", "Introduction", "{CC4B0A96-4EE9-474B-BB1F-DB3E54C87723}"
EndProject
Project("{FAE04EC0-301F-11D3-BF4B-00C04F79EFBC}") = "S01_Ex01", "Introduction\S01_Ex01\S01_Ex01.csproj", "{54B94F90-94BE-4054-A3BA-FD68FD6FBD91}"
EndProject
Project("{FAE04EC0-301F-11D3-BF4B-00C04F79EFBC}") = "S01_Ex02", "Introduction\S01_Ex02\S01_Ex02.csproj", "{2EDFC1F7-0CC1-4F13-AE47-178411208109}"
EndProject
Project("{FAE04EC0-301F-11D3-BF4B-00C04F79EFBC}") = "S01_Ex03", "Introduction\S01_Ex03\S01_Ex03.csproj", "{275D538E-4FDE-440E-9DB5-4DABD172BDBD}"
EndProject
Project("{FAE04EC0-301F-11D3-BF4B-00C04F79EFBC}") = "S01_Ex04", "Introduction\S01_Ex04\S01_Ex04.csproj", "{4F9617CF-B78C-45FD-B4BB-A85A1E02CF62}"
EndProject
Project("{FAE04EC0-301F-11D3-BF4B-00C04F79EFBC}") = "S01_Ex05", "Introduction\S01_Ex05\S01_Ex05.csproj", "{34C40B3F-400F-4F63-9AB6-838379635863}"
EndProject
Project("{FAE04EC0-301F-11D3-BF4B-00C04F79EFBC}") = "S01_Ex06", "Introduction\S01_Ex06\S01_Ex06.csproj", "{96F8FA39-3D1C-43E5-9C11-4F281DB8992E}"
EndProject
Project("{FAE04EC0-301F-11D3-BF4B-00C04F79EFBC}") = "S01_Ex07", "Introduction\S01_Ex07\S01_Ex07.csproj", "{776C03ED-1F9F-4E6C-B6EB-A96190941D2B}"
EndProject
Project("{FAE04EC0-301F-11D3-BF4B-00C04F79EFBC}") = "S01_Ex08", "Introduction\S01_Ex08\S01_Ex08.csproj", "{F7FB603F-266A-449C-9C36-0F0C1BE09771}"
EndProject
Project("{FAE04EC0-301F-11D3-BF4B-00C04F79EFBC}") = "S01_Ex09", "Introduction\S01_Ex09\S01_Ex09.csproj", "{7164C1A1-CE41-4CF1-8088-832594CC578B}"
EndProject
Project("{FAE04EC0-301F-11D3-BF4B-00C04F79EFBC}") = "S01_Ex10", "Introduction\S01_Ex10\S01_Ex10.csproj", "{40767FEF-0275-4C4E-B5DE-84DFA7EA7F61}"
EndProject
Project("{FAE04EC0-301F-11D3-BF4B-00C04F79EFBC}") = "S01_Ex11", "Introduction\S01_Ex11\S01_Ex11.csproj", "{39C518CD-E5BD-4531-8B78-0A156B00FA8D}"
EndProject
Project("{2150E333-8FDC-42A3-9474-1A3956D46DE8}") = "C#Programming", "C#Programming", "{6F7A55BC-B2E4-40C8-8B87-7B656AED3166}"
EndProject
Project("{FAE04EC0-301F-11D3-BF4B-00C04F79EFBC}") = "S02_Ex01", "C#Programming\S02_Ex01\S02_Ex01.csproj", "{0E86ADBC-168B-4931-BA39-24E0857CE57A}"
EndProject
Project("{FAE04EC0-301F-11D3-BF4B-00C04F79EFBC}") = "S02_Ex02", "C#Programming\S02_Ex02\S02_Ex02.csproj", "{62CEBE38-97F5-4C2F-BB42-83E25A9D45A8}"
EndProject
Project("{FAE04EC0-301F-11D3-BF4B-00C04F79EFBC}") = "S02_Ex03", "C#Programming\S02_Ex03\S02_Ex03.csproj", "{0023EAC4-1A6C-4A59-AF7E-803CE32E2330}"
EndProject
Project("{FAE04EC0-301F-11D3-BF4B-00C04F79EFBC}") = "S02_Ex04", "C#Programming\S02_Ex04\S02_Ex04.csproj", "{F241FB3F-9120-4FE6-A82B-FE9B25E93736}"
EndProject
Project("{FAE04EC0-301F-11D3-BF4B-00C04F79EFBC}") = "S02_Ex05", "C#Programming\S02_Ex05\S02_Ex05.csproj", "{8B88C495-3A0B-4EFC-A389-C0327FE55FBA}"
EndProject
Project("{FAE04EC0-301F-11D3-BF4B-00C04F79EFBC}") = "S02_Ex06", "C#Programming\S02_Ex06\S02_Ex06.csproj", "{5B4D6B96-E39A-4903-9840-6B9B13FB31D1}"
EndProject
Project("{FAE04EC0-301F-11D3-BF4B-00C04F79EFBC}") = "S02_Ex07", "C#Programming\S02_Ex07\S02_Ex07.csproj", "{F1647AC0-E352-4F6A-BBDC-8CFA4905F11B}"
EndProject
Project("{FAE04EC0-301F-11D3-BF4B-00C04F79EFBC}") = "S02_Ex08", "C#Programming\S02_Ex08\S02_Ex08.csproj", "{97F2CD38-1315-4F05-B140-85FAD2E1F3C4}"
EndProject
Project("{FAE04EC0-301F-11D3-BF4B-00C04F79EFBC}") = "S02_Ex09", "C#Programming\S02_Ex09\S02_Ex09.csproj", "{AB4EFBC2-88F8-43DD-914A-363A463FCB36}"
EndProject
Project("{FAE04EC0-301F-11D3-BF4B-00C04F79EFBC}") = "S02_Ex10", "C#Programming\S02_Ex10\S02_Ex10.csproj", "{1055312E-ED71-43F3-9505-DE18F5B1C803}"
EndProject
Project("{2150E333-8FDC-42A3-9474-1A3956D46DE8}") = "DNP", "DNP", "{CFB0EE72-C214-4612-BCFE-15E70485F951}"
EndProject
Project("{FAE04EC0-301F-11D3-BF4B-00C04F79EFBC}") = "RSAencryptionAlgorithm", "RSAencryptionAlgorithm\RSAencryptionAlgorithm\RSAencryptionAlgorithm.csproj", "{36330E7C-03BE-4ED3-BD74-5360E54FA34B}"
EndProject
Project("{2150E333-8FDC-42A3-9474-1A3956D46DE8}") = ".NET API", ".NET API", "{8DDAFEFB-B0E3-453D-A083-999215FCB15B}"
EndProject
Project("{FAE04EC0-301F-11D3-BF4B-00C04F79EFBC}") = "S03_Ex01", ".NET API\S03_Ex01\S03_Ex01.csproj", "{47ADD0EA-7892-40C9-A7F3-64C13EA62B66}"
EndProject
Project("{FAE04EC0-301F-11D3-BF4B-00C04F79EFBC}") = "S03_Ex02", ".NET API\S03_Ex02\S03_Ex02.csproj", "{051ADF17-DBDE-487A-B20C-34169BC103CF}"
EndProject
Project("{FAE04EC0-301F-11D3-BF4B-00C04F79EFBC}") = "S03_Ex03_Server", ".NET API\S03_Ex03_Server\S03_Ex03_Server.csproj", "{93428D51-781A-48DB-A48C-CFBD50CD1FC9}"
EndProject
Project("{FAE04EC0-301F-11D3-BF4B-00C04F79EFBC}") = "S03_Ex03_Client", ".NET API\S03_Ex03_Client\S03_Ex03_Client.csproj", "{BFC01ED4-FBD6-41E0-AFDD-09B24052479F}"
EndProject
Project("{FAE04EC0-301F-11D3-BF4B-00C04F79EFBC}") = "S03_Ex04_Server", ".NET API\S03_Ex04_Server\S03_Ex04_Server.csproj", "{BADCDE45-B866-417E-9CCA-1F5395F6DAE6}"
EndProject
Project("{FAE04EC0-301F-11D3-BF4B-00C04F79EFBC}") = "S03_Ex04_Client", ".NET API\S03_Ex04_Client\S03_Ex04_Client.csproj", "{51005677-B75D-4AE1-9102-2E50692E9C6D}"
EndProject
Project("{FAE04EC0-301F-11D3-BF4B-00C04F79EFBC}") = "S03_Ex07_Server", ".NET API\S03_Ex07_Server\S03_Ex07_Server.csproj", "{5D41A8CB-E2A0-4FED-8751-4E6473EDE166}"
EndProject
Project("{FAE04EC0-301F-11D3-BF4B-00C04F79EFBC}") = "S03_Ex07_Client", ".NET API\S03_Ex07_Client\S03_Ex07_Client.csproj", "{99B6E0DE-66A0-43C1-B0FA-16EF53568837}"
EndProject
Project("{2150E333-8FDC-42A3-9474-1A3956D46DE8}") = "Blazor Introduction", "Blazor Introduction", "{7F8794D4-0BB6-42ED-9F07-AA4D66194B30}"
EndProject
Project("{FAE04EC0-301F-11D3-BF4B-00C04F79EFBC}") = "S04_Ex01", "Blazor Introduction\S04_Ex01\S04_Ex01.csproj", "{24DE95EE-CC0C-469F-82A7-678602161F1A}"
EndProject
Project("{FAE04EC0-301F-11D3-BF4B-00C04F79EFBC}") = "S04_Ex02", "Blazor Introduction\S04_Ex02\S04_Ex02.csproj", "{004BF17E-5DDE-426C-B41D-712EB19090EA}"
EndProject
Project("{FAE04EC0-301F-11D3-BF4B-00C04F79EFBC}") = "S01_Ex05_Prep", "ExamPreparation\S01_Ex05_Prep\S01_Ex05_Prep.csproj", "{9A2E6E99-9589-4EC3-8F24-3F192AD02405}"
EndProject
Project("{FAE04EC0-301F-11D3-BF4B-00C04F79EFBC}") = "S01_Ex06_Prep", "ExamPreparation\S01_Ex06_Prep\S01_Ex06_Prep.csproj", "{FCF3D6DB-44D1-4337-8B31-38C108231F56}"
EndProject
Project("{FAE04EC0-301F-11D3-BF4B-00C04F79EFBC}") = "S02_Ex01_Prep", "ExamPreparation\S02_Ex01_Prep\S02_Ex01_Prep.csproj", "{FDED73FA-92D8-4612-84F8-68DB9D9A3157}"
EndProject
Project("{FAE04EC0-301F-11D3-BF4B-00C04F79EFBC}") = "S02_Ex02_Prep", "ExamPreparation\S02_Ex02_Prep\S02_Ex02_Prep.csproj", "{717AAD90-C8E9-4934-AC28-14360B40D02F}"
EndProject
Project("{FAE04EC0-301F-11D3-BF4B-00C04F79EFBC}") = "S02_Ex03_Prep", "ExamPreparation\S02_Ex03_Prep\S02_Ex03_Prep.csproj", "{436F1BE5-EAEB-4F0E-9B6D-30A531EC80F3}"
EndProject
Project("{FAE04EC0-301F-11D3-BF4B-00C04F79EFBC}") = "S02_Ex04_Prep", "ExamPreparation\S02_Ex04_Prep\S02_Ex04_Prep.csproj", "{3D8B6D85-912E-4680-A2C0-3C89ABE0DF50}"
EndProject
Project("{FAE04EC0-301F-11D3-BF4B-00C04F79EFBC}") = "S03_Ex02_Prep", "ExamPreparation\S03_Ex02_Prep\S03_Ex02_Prep.csproj", "{33E01B4C-149F-443A-B54C-F991DD62C09E}"
EndProject
Project("{FAE04EC0-301F-11D3-BF4B-00C04F79EFBC}") = "S04_Ex03_Prep", "ExamPreparation\S04_Ex03_Prep\S04_Ex03_Prep.csproj", "{844EDAA0-E781-43EF-9FB1-364236D7A968}"
EndProject
Project("{2150E333-8FDC-42A3-9474-1A3956D46DE8}") = "ExamPrep", "ExamPrep", "{57462200-1B81-4018-927A-8C4605CB51DD}"
EndProject
Project("{2150E333-8FDC-42A3-9474-1A3956D46DE8}") = "Assignment01", "Assignment01", "{0B007963-4E8D-4BD2-8201-F1AF41E0D244}"
EndProject
Project("{2150E333-8FDC-42A3-9474-1A3956D46DE8}") = "Assignment03", "Assignment03", "{C539D450-9333-484A-BFF8-40303E67C7BE}"
EndProject
Project("{FAE04EC0-301F-11D3-BF4B-00C04F79EFBC}") = "WebApplication", "Assignment01\WebApplication\WebApplication.csproj", "{6B8466B7-3183-4146-BBEC-9BFC3D883A3E}"
EndProject
Project("{FAE04EC0-301F-11D3-BF4B-00C04F79EFBC}") = "WebApplication", "Assignment03\WebApplication\WebApplication.csproj", "{6D243E76-D1A5-46A7-8863-54A13FEC997C}"
EndProject
Project("{FAE04EC0-301F-11D3-BF4B-00C04F79EFBC}") = "API", "Assignment03\API\API.csproj", "{65DE1973-BC61-4D29-9F3E-5DF180FEBE39}"
EndProject
Project("{2150E333-8FDC-42A3-9474-1A3956D46DE8}") = "Assignment02", "Assignment02", "{7992F123-E2FF-4587-A8F5-539CA28C4F12}"
EndProject
Project("{FAE04EC0-301F-11D3-BF4B-00C04F79EFBC}") = "API", "Assignment02\API\API.csproj", "{6B47B8C1-5DAE-4C33-B69D-1A7416EFEC98}"
EndProject
Project("{FAE04EC0-301F-11D3-BF4B-00C04F79EFBC}") = "WebApplication", "Assignment02\WebApplication\WebApplication.csproj", "{921615AE-E8B9-4B8F-8DE2-EB30DE7FACC9}"
EndProject
Global
	GlobalSection(SolutionConfigurationPlatforms) = preSolution
		Debug|Any CPU = Debug|Any CPU
		Release|Any CPU = Release|Any CPU
	EndGlobalSection
	GlobalSection(ProjectConfigurationPlatforms) = postSolution
		{54B94F90-94BE-4054-A3BA-FD68FD6FBD91}.Debug|Any CPU.ActiveCfg = Debug|Any CPU
		{54B94F90-94BE-4054-A3BA-FD68FD6FBD91}.Debug|Any CPU.Build.0 = Debug|Any CPU
		{54B94F90-94BE-4054-A3BA-FD68FD6FBD91}.Release|Any CPU.ActiveCfg = Release|Any CPU
		{54B94F90-94BE-4054-A3BA-FD68FD6FBD91}.Release|Any CPU.Build.0 = Release|Any CPU
		{2EDFC1F7-0CC1-4F13-AE47-178411208109}.Debug|Any CPU.ActiveCfg = Debug|Any CPU
		{2EDFC1F7-0CC1-4F13-AE47-178411208109}.Debug|Any CPU.Build.0 = Debug|Any CPU
		{2EDFC1F7-0CC1-4F13-AE47-178411208109}.Release|Any CPU.ActiveCfg = Release|Any CPU
		{2EDFC1F7-0CC1-4F13-AE47-178411208109}.Release|Any CPU.Build.0 = Release|Any CPU
		{275D538E-4FDE-440E-9DB5-4DABD172BDBD}.Debug|Any CPU.ActiveCfg = Debug|Any CPU
		{275D538E-4FDE-440E-9DB5-4DABD172BDBD}.Debug|Any CPU.Build.0 = Debug|Any CPU
		{275D538E-4FDE-440E-9DB5-4DABD172BDBD}.Release|Any CPU.ActiveCfg = Release|Any CPU
		{275D538E-4FDE-440E-9DB5-4DABD172BDBD}.Release|Any CPU.Build.0 = Release|Any CPU
		{4F9617CF-B78C-45FD-B4BB-A85A1E02CF62}.Debug|Any CPU.ActiveCfg = Debug|Any CPU
		{4F9617CF-B78C-45FD-B4BB-A85A1E02CF62}.Debug|Any CPU.Build.0 = Debug|Any CPU
		{4F9617CF-B78C-45FD-B4BB-A85A1E02CF62}.Release|Any CPU.ActiveCfg = Release|Any CPU
		{4F9617CF-B78C-45FD-B4BB-A85A1E02CF62}.Release|Any CPU.Build.0 = Release|Any CPU
		{34C40B3F-400F-4F63-9AB6-838379635863}.Debug|Any CPU.ActiveCfg = Debug|Any CPU
		{34C40B3F-400F-4F63-9AB6-838379635863}.Debug|Any CPU.Build.0 = Debug|Any CPU
		{34C40B3F-400F-4F63-9AB6-838379635863}.Release|Any CPU.ActiveCfg = Release|Any CPU
		{34C40B3F-400F-4F63-9AB6-838379635863}.Release|Any CPU.Build.0 = Release|Any CPU
		{96F8FA39-3D1C-43E5-9C11-4F281DB8992E}.Debug|Any CPU.ActiveCfg = Debug|Any CPU
		{96F8FA39-3D1C-43E5-9C11-4F281DB8992E}.Debug|Any CPU.Build.0 = Debug|Any CPU
		{96F8FA39-3D1C-43E5-9C11-4F281DB8992E}.Release|Any CPU.ActiveCfg = Release|Any CPU
		{96F8FA39-3D1C-43E5-9C11-4F281DB8992E}.Release|Any CPU.Build.0 = Release|Any CPU
		{776C03ED-1F9F-4E6C-B6EB-A96190941D2B}.Debug|Any CPU.ActiveCfg = Debug|Any CPU
		{776C03ED-1F9F-4E6C-B6EB-A96190941D2B}.Debug|Any CPU.Build.0 = Debug|Any CPU
		{776C03ED-1F9F-4E6C-B6EB-A96190941D2B}.Release|Any CPU.ActiveCfg = Release|Any CPU
		{776C03ED-1F9F-4E6C-B6EB-A96190941D2B}.Release|Any CPU.Build.0 = Release|Any CPU
		{F7FB603F-266A-449C-9C36-0F0C1BE09771}.Debug|Any CPU.ActiveCfg = Debug|Any CPU
		{F7FB603F-266A-449C-9C36-0F0C1BE09771}.Debug|Any CPU.Build.0 = Debug|Any CPU
		{F7FB603F-266A-449C-9C36-0F0C1BE09771}.Release|Any CPU.ActiveCfg = Release|Any CPU
		{F7FB603F-266A-449C-9C36-0F0C1BE09771}.Release|Any CPU.Build.0 = Release|Any CPU
		{7164C1A1-CE41-4CF1-8088-832594CC578B}.Debug|Any CPU.ActiveCfg = Debug|Any CPU
		{7164C1A1-CE41-4CF1-8088-832594CC578B}.Debug|Any CPU.Build.0 = Debug|Any CPU
		{7164C1A1-CE41-4CF1-8088-832594CC578B}.Release|Any CPU.ActiveCfg = Release|Any CPU
		{7164C1A1-CE41-4CF1-8088-832594CC578B}.Release|Any CPU.Build.0 = Release|Any CPU
		{40767FEF-0275-4C4E-B5DE-84DFA7EA7F61}.Debug|Any CPU.ActiveCfg = Debug|Any CPU
		{40767FEF-0275-4C4E-B5DE-84DFA7EA7F61}.Debug|Any CPU.Build.0 = Debug|Any CPU
		{40767FEF-0275-4C4E-B5DE-84DFA7EA7F61}.Release|Any CPU.ActiveCfg = Release|Any CPU
		{40767FEF-0275-4C4E-B5DE-84DFA7EA7F61}.Release|Any CPU.Build.0 = Release|Any CPU
		{39C518CD-E5BD-4531-8B78-0A156B00FA8D}.Debug|Any CPU.ActiveCfg = Debug|Any CPU
		{39C518CD-E5BD-4531-8B78-0A156B00FA8D}.Debug|Any CPU.Build.0 = Debug|Any CPU
		{39C518CD-E5BD-4531-8B78-0A156B00FA8D}.Release|Any CPU.ActiveCfg = Release|Any CPU
		{39C518CD-E5BD-4531-8B78-0A156B00FA8D}.Release|Any CPU.Build.0 = Release|Any CPU
		{0E86ADBC-168B-4931-BA39-24E0857CE57A}.Debug|Any CPU.ActiveCfg = Debug|Any CPU
		{0E86ADBC-168B-4931-BA39-24E0857CE57A}.Debug|Any CPU.Build.0 = Debug|Any CPU
		{0E86ADBC-168B-4931-BA39-24E0857CE57A}.Release|Any CPU.ActiveCfg = Release|Any CPU
		{0E86ADBC-168B-4931-BA39-24E0857CE57A}.Release|Any CPU.Build.0 = Release|Any CPU
		{62CEBE38-97F5-4C2F-BB42-83E25A9D45A8}.Debug|Any CPU.ActiveCfg = Debug|Any CPU
		{62CEBE38-97F5-4C2F-BB42-83E25A9D45A8}.Debug|Any CPU.Build.0 = Debug|Any CPU
		{62CEBE38-97F5-4C2F-BB42-83E25A9D45A8}.Release|Any CPU.ActiveCfg = Release|Any CPU
		{62CEBE38-97F5-4C2F-BB42-83E25A9D45A8}.Release|Any CPU.Build.0 = Release|Any CPU
		{0023EAC4-1A6C-4A59-AF7E-803CE32E2330}.Debug|Any CPU.ActiveCfg = Debug|Any CPU
		{0023EAC4-1A6C-4A59-AF7E-803CE32E2330}.Debug|Any CPU.Build.0 = Debug|Any CPU
		{0023EAC4-1A6C-4A59-AF7E-803CE32E2330}.Release|Any CPU.ActiveCfg = Release|Any CPU
		{0023EAC4-1A6C-4A59-AF7E-803CE32E2330}.Release|Any CPU.Build.0 = Release|Any CPU
		{F241FB3F-9120-4FE6-A82B-FE9B25E93736}.Debug|Any CPU.ActiveCfg = Debug|Any CPU
		{F241FB3F-9120-4FE6-A82B-FE9B25E93736}.Debug|Any CPU.Build.0 = Debug|Any CPU
		{F241FB3F-9120-4FE6-A82B-FE9B25E93736}.Release|Any CPU.ActiveCfg = Release|Any CPU
		{F241FB3F-9120-4FE6-A82B-FE9B25E93736}.Release|Any CPU.Build.0 = Release|Any CPU
		{8B88C495-3A0B-4EFC-A389-C0327FE55FBA}.Debug|Any CPU.ActiveCfg = Debug|Any CPU
		{8B88C495-3A0B-4EFC-A389-C0327FE55FBA}.Debug|Any CPU.Build.0 = Debug|Any CPU
		{8B88C495-3A0B-4EFC-A389-C0327FE55FBA}.Release|Any CPU.ActiveCfg = Release|Any CPU
		{8B88C495-3A0B-4EFC-A389-C0327FE55FBA}.Release|Any CPU.Build.0 = Release|Any CPU
		{5B4D6B96-E39A-4903-9840-6B9B13FB31D1}.Debug|Any CPU.ActiveCfg = Debug|Any CPU
		{5B4D6B96-E39A-4903-9840-6B9B13FB31D1}.Debug|Any CPU.Build.0 = Debug|Any CPU
		{5B4D6B96-E39A-4903-9840-6B9B13FB31D1}.Release|Any CPU.ActiveCfg = Release|Any CPU
		{5B4D6B96-E39A-4903-9840-6B9B13FB31D1}.Release|Any CPU.Build.0 = Release|Any CPU
		{F1647AC0-E352-4F6A-BBDC-8CFA4905F11B}.Debug|Any CPU.ActiveCfg = Debug|Any CPU
		{F1647AC0-E352-4F6A-BBDC-8CFA4905F11B}.Debug|Any CPU.Build.0 = Debug|Any CPU
		{F1647AC0-E352-4F6A-BBDC-8CFA4905F11B}.Release|Any CPU.ActiveCfg = Release|Any CPU
		{F1647AC0-E352-4F6A-BBDC-8CFA4905F11B}.Release|Any CPU.Build.0 = Release|Any CPU
		{97F2CD38-1315-4F05-B140-85FAD2E1F3C4}.Debug|Any CPU.ActiveCfg = Debug|Any CPU
		{97F2CD38-1315-4F05-B140-85FAD2E1F3C4}.Debug|Any CPU.Build.0 = Debug|Any CPU
		{97F2CD38-1315-4F05-B140-85FAD2E1F3C4}.Release|Any CPU.ActiveCfg = Release|Any CPU
		{97F2CD38-1315-4F05-B140-85FAD2E1F3C4}.Release|Any CPU.Build.0 = Release|Any CPU
		{AB4EFBC2-88F8-43DD-914A-363A463FCB36}.Debug|Any CPU.ActiveCfg = Debug|Any CPU
		{AB4EFBC2-88F8-43DD-914A-363A463FCB36}.Debug|Any CPU.Build.0 = Debug|Any CPU
		{AB4EFBC2-88F8-43DD-914A-363A463FCB36}.Release|Any CPU.ActiveCfg = Release|Any CPU
		{AB4EFBC2-88F8-43DD-914A-363A463FCB36}.Release|Any CPU.Build.0 = Release|Any CPU
		{1055312E-ED71-43F3-9505-DE18F5B1C803}.Debug|Any CPU.ActiveCfg = Debug|Any CPU
		{1055312E-ED71-43F3-9505-DE18F5B1C803}.Debug|Any CPU.Build.0 = Debug|Any CPU
		{1055312E-ED71-43F3-9505-DE18F5B1C803}.Release|Any CPU.ActiveCfg = Release|Any CPU
		{1055312E-ED71-43F3-9505-DE18F5B1C803}.Release|Any CPU.Build.0 = Release|Any CPU
		{36330E7C-03BE-4ED3-BD74-5360E54FA34B}.Debug|Any CPU.ActiveCfg = Debug|Any CPU
		{36330E7C-03BE-4ED3-BD74-5360E54FA34B}.Debug|Any CPU.Build.0 = Debug|Any CPU
		{36330E7C-03BE-4ED3-BD74-5360E54FA34B}.Release|Any CPU.ActiveCfg = Release|Any CPU
		{36330E7C-03BE-4ED3-BD74-5360E54FA34B}.Release|Any CPU.Build.0 = Release|Any CPU
		{47ADD0EA-7892-40C9-A7F3-64C13EA62B66}.Debug|Any CPU.ActiveCfg = Debug|Any CPU
		{47ADD0EA-7892-40C9-A7F3-64C13EA62B66}.Debug|Any CPU.Build.0 = Debug|Any CPU
		{47ADD0EA-7892-40C9-A7F3-64C13EA62B66}.Release|Any CPU.ActiveCfg = Release|Any CPU
		{47ADD0EA-7892-40C9-A7F3-64C13EA62B66}.Release|Any CPU.Build.0 = Release|Any CPU
		{051ADF17-DBDE-487A-B20C-34169BC103CF}.Debug|Any CPU.ActiveCfg = Debug|Any CPU
		{051ADF17-DBDE-487A-B20C-34169BC103CF}.Debug|Any CPU.Build.0 = Debug|Any CPU
		{051ADF17-DBDE-487A-B20C-34169BC103CF}.Release|Any CPU.ActiveCfg = Release|Any CPU
		{051ADF17-DBDE-487A-B20C-34169BC103CF}.Release|Any CPU.Build.0 = Release|Any CPU
		{93428D51-781A-48DB-A48C-CFBD50CD1FC9}.Debug|Any CPU.ActiveCfg = Debug|Any CPU
		{93428D51-781A-48DB-A48C-CFBD50CD1FC9}.Debug|Any CPU.Build.0 = Debug|Any CPU
		{93428D51-781A-48DB-A48C-CFBD50CD1FC9}.Release|Any CPU.ActiveCfg = Release|Any CPU
		{93428D51-781A-48DB-A48C-CFBD50CD1FC9}.Release|Any CPU.Build.0 = Release|Any CPU
		{BFC01ED4-FBD6-41E0-AFDD-09B24052479F}.Debug|Any CPU.ActiveCfg = Debug|Any CPU
		{BFC01ED4-FBD6-41E0-AFDD-09B24052479F}.Debug|Any CPU.Build.0 = Debug|Any CPU
		{BFC01ED4-FBD6-41E0-AFDD-09B24052479F}.Release|Any CPU.ActiveCfg = Release|Any CPU
		{BFC01ED4-FBD6-41E0-AFDD-09B24052479F}.Release|Any CPU.Build.0 = Release|Any CPU
		{BADCDE45-B866-417E-9CCA-1F5395F6DAE6}.Debug|Any CPU.ActiveCfg = Debug|Any CPU
		{BADCDE45-B866-417E-9CCA-1F5395F6DAE6}.Debug|Any CPU.Build.0 = Debug|Any CPU
		{BADCDE45-B866-417E-9CCA-1F5395F6DAE6}.Release|Any CPU.ActiveCfg = Release|Any CPU
		{BADCDE45-B866-417E-9CCA-1F5395F6DAE6}.Release|Any CPU.Build.0 = Release|Any CPU
		{51005677-B75D-4AE1-9102-2E50692E9C6D}.Debug|Any CPU.ActiveCfg = Debug|Any CPU
		{51005677-B75D-4AE1-9102-2E50692E9C6D}.Debug|Any CPU.Build.0 = Debug|Any CPU
		{51005677-B75D-4AE1-9102-2E50692E9C6D}.Release|Any CPU.ActiveCfg = Release|Any CPU
		{51005677-B75D-4AE1-9102-2E50692E9C6D}.Release|Any CPU.Build.0 = Release|Any CPU
		{5D41A8CB-E2A0-4FED-8751-4E6473EDE166}.Debug|Any CPU.ActiveCfg = Debug|Any CPU
		{5D41A8CB-E2A0-4FED-8751-4E6473EDE166}.Debug|Any CPU.Build.0 = Debug|Any CPU
		{5D41A8CB-E2A0-4FED-8751-4E6473EDE166}.Release|Any CPU.ActiveCfg = Release|Any CPU
		{5D41A8CB-E2A0-4FED-8751-4E6473EDE166}.Release|Any CPU.Build.0 = Release|Any CPU
		{99B6E0DE-66A0-43C1-B0FA-16EF53568837}.Debug|Any CPU.ActiveCfg = Debug|Any CPU
		{99B6E0DE-66A0-43C1-B0FA-16EF53568837}.Debug|Any CPU.Build.0 = Debug|Any CPU
		{99B6E0DE-66A0-43C1-B0FA-16EF53568837}.Release|Any CPU.ActiveCfg = Release|Any CPU
		{99B6E0DE-66A0-43C1-B0FA-16EF53568837}.Release|Any CPU.Build.0 = Release|Any CPU
		{24DE95EE-CC0C-469F-82A7-678602161F1A}.Debug|Any CPU.ActiveCfg = Debug|Any CPU
		{24DE95EE-CC0C-469F-82A7-678602161F1A}.Debug|Any CPU.Build.0 = Debug|Any CPU
		{24DE95EE-CC0C-469F-82A7-678602161F1A}.Release|Any CPU.ActiveCfg = Release|Any CPU
		{24DE95EE-CC0C-469F-82A7-678602161F1A}.Release|Any CPU.Build.0 = Release|Any CPU
		{004BF17E-5DDE-426C-B41D-712EB19090EA}.Debug|Any CPU.ActiveCfg = Debug|Any CPU
		{004BF17E-5DDE-426C-B41D-712EB19090EA}.Debug|Any CPU.Build.0 = Debug|Any CPU
		{004BF17E-5DDE-426C-B41D-712EB19090EA}.Release|Any CPU.ActiveCfg = Release|Any CPU
		{004BF17E-5DDE-426C-B41D-712EB19090EA}.Release|Any CPU.Build.0 = Release|Any CPU
		{9748E0BD-D699-473B-8A83-F356C0DE276A}.Debug|Any CPU.ActiveCfg = Debug|Any CPU
		{9748E0BD-D699-473B-8A83-F356C0DE276A}.Debug|Any CPU.Build.0 = Debug|Any CPU
		{9748E0BD-D699-473B-8A83-F356C0DE276A}.Release|Any CPU.ActiveCfg = Release|Any CPU
		{9748E0BD-D699-473B-8A83-F356C0DE276A}.Release|Any CPU.Build.0 = Release|Any CPU
		{83CD3C77-11C0-4422-8AB4-34875CA95519}.Debug|Any CPU.ActiveCfg = Debug|Any CPU
		{83CD3C77-11C0-4422-8AB4-34875CA95519}.Debug|Any CPU.Build.0 = Debug|Any CPU
		{83CD3C77-11C0-4422-8AB4-34875CA95519}.Release|Any CPU.ActiveCfg = Release|Any CPU
		{83CD3C77-11C0-4422-8AB4-34875CA95519}.Release|Any CPU.Build.0 = Release|Any CPU
		{157FA439-603B-4055-BA34-965D8B08FE11}.Debug|Any CPU.ActiveCfg = Debug|Any CPU
		{157FA439-603B-4055-BA34-965D8B08FE11}.Debug|Any CPU.Build.0 = Debug|Any CPU
		{157FA439-603B-4055-BA34-965D8B08FE11}.Release|Any CPU.ActiveCfg = Release|Any CPU
		{157FA439-603B-4055-BA34-965D8B08FE11}.Release|Any CPU.Build.0 = Release|Any CPU
		{F5EC40DD-B693-4BB7-8994-EF1C275A573E}.Debug|Any CPU.ActiveCfg = Debug|Any CPU
		{F5EC40DD-B693-4BB7-8994-EF1C275A573E}.Debug|Any CPU.Build.0 = Debug|Any CPU
		{F5EC40DD-B693-4BB7-8994-EF1C275A573E}.Release|Any CPU.ActiveCfg = Release|Any CPU
		{F5EC40DD-B693-4BB7-8994-EF1C275A573E}.Release|Any CPU.Build.0 = Release|Any CPU
		{D0C73900-042A-4A4B-AB13-4B9860A0AFE7}.Debug|Any CPU.ActiveCfg = Debug|Any CPU
		{D0C73900-042A-4A4B-AB13-4B9860A0AFE7}.Debug|Any CPU.Build.0 = Debug|Any CPU
		{D0C73900-042A-4A4B-AB13-4B9860A0AFE7}.Release|Any CPU.ActiveCfg = Release|Any CPU
		{D0C73900-042A-4A4B-AB13-4B9860A0AFE7}.Release|Any CPU.Build.0 = Release|Any CPU
		{98C9722A-9AA7-4C51-8275-9D854DFDAA73}.Debug|Any CPU.ActiveCfg = Debug|Any CPU
		{98C9722A-9AA7-4C51-8275-9D854DFDAA73}.Debug|Any CPU.Build.0 = Debug|Any CPU
		{98C9722A-9AA7-4C51-8275-9D854DFDAA73}.Release|Any CPU.ActiveCfg = Release|Any CPU
		{98C9722A-9AA7-4C51-8275-9D854DFDAA73}.Release|Any CPU.Build.0 = Release|Any CPU
		{9A2E6E99-9589-4EC3-8F24-3F192AD02405}.Debug|Any CPU.ActiveCfg = Debug|Any CPU
		{9A2E6E99-9589-4EC3-8F24-3F192AD02405}.Debug|Any CPU.Build.0 = Debug|Any CPU
		{9A2E6E99-9589-4EC3-8F24-3F192AD02405}.Release|Any CPU.ActiveCfg = Release|Any CPU
		{9A2E6E99-9589-4EC3-8F24-3F192AD02405}.Release|Any CPU.Build.0 = Release|Any CPU
		{FCF3D6DB-44D1-4337-8B31-38C108231F56}.Debug|Any CPU.ActiveCfg = Debug|Any CPU
		{FCF3D6DB-44D1-4337-8B31-38C108231F56}.Debug|Any CPU.Build.0 = Debug|Any CPU
		{FCF3D6DB-44D1-4337-8B31-38C108231F56}.Release|Any CPU.ActiveCfg = Release|Any CPU
		{FCF3D6DB-44D1-4337-8B31-38C108231F56}.Release|Any CPU.Build.0 = Release|Any CPU
		{FDED73FA-92D8-4612-84F8-68DB9D9A3157}.Debug|Any CPU.ActiveCfg = Debug|Any CPU
		{FDED73FA-92D8-4612-84F8-68DB9D9A3157}.Debug|Any CPU.Build.0 = Debug|Any CPU
		{FDED73FA-92D8-4612-84F8-68DB9D9A3157}.Release|Any CPU.ActiveCfg = Release|Any CPU
		{FDED73FA-92D8-4612-84F8-68DB9D9A3157}.Release|Any CPU.Build.0 = Release|Any CPU
		{717AAD90-C8E9-4934-AC28-14360B40D02F}.Debug|Any CPU.ActiveCfg = Debug|Any CPU
		{717AAD90-C8E9-4934-AC28-14360B40D02F}.Debug|Any CPU.Build.0 = Debug|Any CPU
		{717AAD90-C8E9-4934-AC28-14360B40D02F}.Release|Any CPU.ActiveCfg = Release|Any CPU
		{717AAD90-C8E9-4934-AC28-14360B40D02F}.Release|Any CPU.Build.0 = Release|Any CPU
		{436F1BE5-EAEB-4F0E-9B6D-30A531EC80F3}.Debug|Any CPU.ActiveCfg = Debug|Any CPU
		{436F1BE5-EAEB-4F0E-9B6D-30A531EC80F3}.Debug|Any CPU.Build.0 = Debug|Any CPU
		{436F1BE5-EAEB-4F0E-9B6D-30A531EC80F3}.Release|Any CPU.ActiveCfg = Release|Any CPU
		{436F1BE5-EAEB-4F0E-9B6D-30A531EC80F3}.Release|Any CPU.Build.0 = Release|Any CPU
		{3D8B6D85-912E-4680-A2C0-3C89ABE0DF50}.Debug|Any CPU.ActiveCfg = Debug|Any CPU
		{3D8B6D85-912E-4680-A2C0-3C89ABE0DF50}.Debug|Any CPU.Build.0 = Debug|Any CPU
		{3D8B6D85-912E-4680-A2C0-3C89ABE0DF50}.Release|Any CPU.ActiveCfg = Release|Any CPU
		{3D8B6D85-912E-4680-A2C0-3C89ABE0DF50}.Release|Any CPU.Build.0 = Release|Any CPU
		{33E01B4C-149F-443A-B54C-F991DD62C09E}.Debug|Any CPU.ActiveCfg = Debug|Any CPU
		{33E01B4C-149F-443A-B54C-F991DD62C09E}.Debug|Any CPU.Build.0 = Debug|Any CPU
		{33E01B4C-149F-443A-B54C-F991DD62C09E}.Release|Any CPU.ActiveCfg = Release|Any CPU
		{33E01B4C-149F-443A-B54C-F991DD62C09E}.Release|Any CPU.Build.0 = Release|Any CPU
		{844EDAA0-E781-43EF-9FB1-364236D7A968}.Debug|Any CPU.ActiveCfg = Debug|Any CPU
		{844EDAA0-E781-43EF-9FB1-364236D7A968}.Debug|Any CPU.Build.0 = Debug|Any CPU
		{844EDAA0-E781-43EF-9FB1-364236D7A968}.Release|Any CPU.ActiveCfg = Release|Any CPU
		{844EDAA0-E781-43EF-9FB1-364236D7A968}.Release|Any CPU.Build.0 = Release|Any CPU
		{6B8466B7-3183-4146-BBEC-9BFC3D883A3E}.Debug|Any CPU.ActiveCfg = Debug|Any CPU
		{6B8466B7-3183-4146-BBEC-9BFC3D883A3E}.Debug|Any CPU.Build.0 = Debug|Any CPU
		{6B8466B7-3183-4146-BBEC-9BFC3D883A3E}.Release|Any CPU.ActiveCfg = Release|Any CPU
		{6B8466B7-3183-4146-BBEC-9BFC3D883A3E}.Release|Any CPU.Build.0 = Release|Any CPU
		{6D243E76-D1A5-46A7-8863-54A13FEC997C}.Debug|Any CPU.ActiveCfg = Debug|Any CPU
		{6D243E76-D1A5-46A7-8863-54A13FEC997C}.Debug|Any CPU.Build.0 = Debug|Any CPU
		{6D243E76-D1A5-46A7-8863-54A13FEC997C}.Release|Any CPU.ActiveCfg = Release|Any CPU
		{6D243E76-D1A5-46A7-8863-54A13FEC997C}.Release|Any CPU.Build.0 = Release|Any CPU
		{65DE1973-BC61-4D29-9F3E-5DF180FEBE39}.Debug|Any CPU.ActiveCfg = Debug|Any CPU
		{65DE1973-BC61-4D29-9F3E-5DF180FEBE39}.Debug|Any CPU.Build.0 = Debug|Any CPU
		{65DE1973-BC61-4D29-9F3E-5DF180FEBE39}.Release|Any CPU.ActiveCfg = Release|Any CPU
		{65DE1973-BC61-4D29-9F3E-5DF180FEBE39}.Release|Any CPU.Build.0 = Release|Any CPU
		{6B47B8C1-5DAE-4C33-B69D-1A7416EFEC98}.Debug|Any CPU.ActiveCfg = Debug|Any CPU
		{6B47B8C1-5DAE-4C33-B69D-1A7416EFEC98}.Debug|Any CPU.Build.0 = Debug|Any CPU
		{6B47B8C1-5DAE-4C33-B69D-1A7416EFEC98}.Release|Any CPU.ActiveCfg = Release|Any CPU
		{6B47B8C1-5DAE-4C33-B69D-1A7416EFEC98}.Release|Any CPU.Build.0 = Release|Any CPU
		{921615AE-E8B9-4B8F-8DE2-EB30DE7FACC9}.Debug|Any CPU.ActiveCfg = Debug|Any CPU
		{921615AE-E8B9-4B8F-8DE2-EB30DE7FACC9}.Debug|Any CPU.Build.0 = Debug|Any CPU
		{921615AE-E8B9-4B8F-8DE2-EB30DE7FACC9}.Release|Any CPU.ActiveCfg = Release|Any CPU
		{921615AE-E8B9-4B8F-8DE2-EB30DE7FACC9}.Release|Any CPU.Build.0 = Release|Any CPU
	EndGlobalSection
	GlobalSection(SolutionProperties) = preSolution
		HideSolutionNode = FALSE
	EndGlobalSection
	GlobalSection(NestedProjects) = preSolution
		{54B94F90-94BE-4054-A3BA-FD68FD6FBD91} = {CC4B0A96-4EE9-474B-BB1F-DB3E54C87723}
		{2EDFC1F7-0CC1-4F13-AE47-178411208109} = {CC4B0A96-4EE9-474B-BB1F-DB3E54C87723}
		{275D538E-4FDE-440E-9DB5-4DABD172BDBD} = {CC4B0A96-4EE9-474B-BB1F-DB3E54C87723}
		{4F9617CF-B78C-45FD-B4BB-A85A1E02CF62} = {CC4B0A96-4EE9-474B-BB1F-DB3E54C87723}
		{34C40B3F-400F-4F63-9AB6-838379635863} = {CC4B0A96-4EE9-474B-BB1F-DB3E54C87723}
		{96F8FA39-3D1C-43E5-9C11-4F281DB8992E} = {CC4B0A96-4EE9-474B-BB1F-DB3E54C87723}
		{776C03ED-1F9F-4E6C-B6EB-A96190941D2B} = {CC4B0A96-4EE9-474B-BB1F-DB3E54C87723}
		{F7FB603F-266A-449C-9C36-0F0C1BE09771} = {CC4B0A96-4EE9-474B-BB1F-DB3E54C87723}
		{7164C1A1-CE41-4CF1-8088-832594CC578B} = {CC4B0A96-4EE9-474B-BB1F-DB3E54C87723}
		{40767FEF-0275-4C4E-B5DE-84DFA7EA7F61} = {CC4B0A96-4EE9-474B-BB1F-DB3E54C87723}
		{39C518CD-E5BD-4531-8B78-0A156B00FA8D} = {CC4B0A96-4EE9-474B-BB1F-DB3E54C87723}
		{0E86ADBC-168B-4931-BA39-24E0857CE57A} = {6F7A55BC-B2E4-40C8-8B87-7B656AED3166}
		{62CEBE38-97F5-4C2F-BB42-83E25A9D45A8} = {6F7A55BC-B2E4-40C8-8B87-7B656AED3166}
		{0023EAC4-1A6C-4A59-AF7E-803CE32E2330} = {6F7A55BC-B2E4-40C8-8B87-7B656AED3166}
		{F241FB3F-9120-4FE6-A82B-FE9B25E93736} = {6F7A55BC-B2E4-40C8-8B87-7B656AED3166}
		{8B88C495-3A0B-4EFC-A389-C0327FE55FBA} = {6F7A55BC-B2E4-40C8-8B87-7B656AED3166}
		{5B4D6B96-E39A-4903-9840-6B9B13FB31D1} = {6F7A55BC-B2E4-40C8-8B87-7B656AED3166}
		{F1647AC0-E352-4F6A-BBDC-8CFA4905F11B} = {6F7A55BC-B2E4-40C8-8B87-7B656AED3166}
		{97F2CD38-1315-4F05-B140-85FAD2E1F3C4} = {6F7A55BC-B2E4-40C8-8B87-7B656AED3166}
		{AB4EFBC2-88F8-43DD-914A-363A463FCB36} = {6F7A55BC-B2E4-40C8-8B87-7B656AED3166}
		{1055312E-ED71-43F3-9505-DE18F5B1C803} = {6F7A55BC-B2E4-40C8-8B87-7B656AED3166}
		{36330E7C-03BE-4ED3-BD74-5360E54FA34B} = {CFB0EE72-C214-4612-BCFE-15E70485F951}
		{47ADD0EA-7892-40C9-A7F3-64C13EA62B66} = {8DDAFEFB-B0E3-453D-A083-999215FCB15B}
		{051ADF17-DBDE-487A-B20C-34169BC103CF} = {8DDAFEFB-B0E3-453D-A083-999215FCB15B}
		{93428D51-781A-48DB-A48C-CFBD50CD1FC9} = {8DDAFEFB-B0E3-453D-A083-999215FCB15B}
		{BFC01ED4-FBD6-41E0-AFDD-09B24052479F} = {8DDAFEFB-B0E3-453D-A083-999215FCB15B}
		{BADCDE45-B866-417E-9CCA-1F5395F6DAE6} = {8DDAFEFB-B0E3-453D-A083-999215FCB15B}
		{51005677-B75D-4AE1-9102-2E50692E9C6D} = {8DDAFEFB-B0E3-453D-A083-999215FCB15B}
		{5D41A8CB-E2A0-4FED-8751-4E6473EDE166} = {8DDAFEFB-B0E3-453D-A083-999215FCB15B}
		{99B6E0DE-66A0-43C1-B0FA-16EF53568837} = {8DDAFEFB-B0E3-453D-A083-999215FCB15B}
		{24DE95EE-CC0C-469F-82A7-678602161F1A} = {7F8794D4-0BB6-42ED-9F07-AA4D66194B30}
		{004BF17E-5DDE-426C-B41D-712EB19090EA} = {7F8794D4-0BB6-42ED-9F07-AA4D66194B30}
		{9748E0BD-D699-473B-8A83-F356C0DE276A} = {6BFA1DBE-FBEF-4E2D-BA69-2166E4A9C9CB}
		{83CD3C77-11C0-4422-8AB4-34875CA95519} = {4E102BA3-4496-412B-8992-FB315311EB68}
		{157FA439-603B-4055-BA34-965D8B08FE11} = {C33B33AF-D4E7-4C1F-8C2A-FACE9CBD1731}
		{F5EC40DD-B693-4BB7-8994-EF1C275A573E} = {C33B33AF-D4E7-4C1F-8C2A-FACE9CBD1731}
		{D0C73900-042A-4A4B-AB13-4B9860A0AFE7} = {C33B33AF-D4E7-4C1F-8C2A-FACE9CBD1731}
		{98C9722A-9AA7-4C51-8275-9D854DFDAA73} = {C33B33AF-D4E7-4C1F-8C2A-FACE9CBD1731}
		{9A2E6E99-9589-4EC3-8F24-3F192AD02405} = {57462200-1B81-4018-927A-8C4605CB51DD}
		{436F1BE5-EAEB-4F0E-9B6D-30A531EC80F3} = {57462200-1B81-4018-927A-8C4605CB51DD}
		{717AAD90-C8E9-4934-AC28-14360B40D02F} = {57462200-1B81-4018-927A-8C4605CB51DD}
		{FDED73FA-92D8-4612-84F8-68DB9D9A3157} = {57462200-1B81-4018-927A-8C4605CB51DD}
		{844EDAA0-E781-43EF-9FB1-364236D7A968} = {57462200-1B81-4018-927A-8C4605CB51DD}
		{FCF3D6DB-44D1-4337-8B31-38C108231F56} = {57462200-1B81-4018-927A-8C4605CB51DD}
		{33E01B4C-149F-443A-B54C-F991DD62C09E} = {57462200-1B81-4018-927A-8C4605CB51DD}
		{3D8B6D85-912E-4680-A2C0-3C89ABE0DF50} = {57462200-1B81-4018-927A-8C4605CB51DD}
		{6B8466B7-3183-4146-BBEC-9BFC3D883A3E} = {0B007963-4E8D-4BD2-8201-F1AF41E0D244}
		{6D243E76-D1A5-46A7-8863-54A13FEC997C} = {C539D450-9333-484A-BFF8-40303E67C7BE}
		{65DE1973-BC61-4D29-9F3E-5DF180FEBE39} = {C539D450-9333-484A-BFF8-40303E67C7BE}
		{6B47B8C1-5DAE-4C33-B69D-1A7416EFEC98} = {7992F123-E2FF-4587-A8F5-539CA28C4F12}
		{921615AE-E8B9-4B8F-8DE2-EB30DE7FACC9} = {7992F123-E2FF-4587-A8F5-539CA28C4F12}
	EndGlobalSection
	GlobalSection(ExtensibilityGlobals) = postSolution
		SolutionGuid = {7DFECD88-07FD-488A-84C2-F5B28D68BF9D}
	EndGlobalSection
EndGlobal
